
Microsoft Visual Studio Solution File, Format Version 12.00
# Visual Studio Version 17
VisualStudioVersion = 17.8.34330.188
MinimumVisualStudioVersion = 10.0.40219.1
Project("{FAE04EC0-301F-11D3-BF4B-00C04F79EFBC}") = "SuperZapatosApp", "SuperZapatosApp\SuperZapatosApp.csproj", "{D2572CDA-7F56-4B84-9D57-45C7322F9CBA}"
EndProject
Global
	GlobalSection(SolutionConfigurationPlatforms) = preSolution
		Debug|Any CPU = Debug|Any CPU
		Release|Any CPU = Release|Any CPU
	EndGlobalSection
	GlobalSection(ProjectConfigurationPlatforms) = postSolution
		{D2572CDA-7F56-4B84-9D57-45C7322F9CBA}.Debug|Any CPU.ActiveCfg = Debug|Any CPU
		{D2572CDA-7F56-4B84-9D57-45C7322F9CBA}.Debug|Any CPU.Build.0 = Debug|Any CPU
		{D2572CDA-7F56-4B84-9D57-45C7322F9CBA}.Release|Any CPU.ActiveCfg = Release|Any CPU
		{D2572CDA-7F56-4B84-9D57-45C7322F9CBA}.Release|Any CPU.Build.0 = Release|Any CPU
	EndGlobalSection
	GlobalSection(SolutionProperties) = preSolution
		HideSolutionNode = FALSE
	EndGlobalSection
	GlobalSection(ExtensibilityGlobals) = postSolution
		SolutionGuid = {82860FC9-1D0C-4DCD-80A0-8C025E9D4BF7}
	EndGlobalSection
EndGlobal
